
Microsoft Visual Studio Solution File, Format Version 12.00
# Visual Studio Version 17
VisualStudioVersion = 17.9.34728.123
MinimumVisualStudioVersion = 10.0.40219.1
Project("{FAE04EC0-301F-11D3-BF4B-00C04F79EFBC}") = "PluginInterface", "PluginInterface\PluginInterface.csproj", "{B50C94D4-E6C1-447A-B3BC-1EBA2A03AB03}"
EndProject
Global
	GlobalSection(SolutionConfigurationPlatforms) = preSolution
		Debug|Any CPU = Debug|Any CPU
		Release|Any CPU = Release|Any CPU
	EndGlobalSection
	GlobalSection(ProjectConfigurationPlatforms) = postSolution
		{B50C94D4-E6C1-447A-B3BC-1EBA2A03AB03}.Debug|Any CPU.ActiveCfg = Debug|Any CPU
		{B50C94D4-E6C1-447A-B3BC-1EBA2A03AB03}.Debug|Any CPU.Build.0 = Debug|Any CPU
		{B50C94D4-E6C1-447A-B3BC-1EBA2A03AB03}.Release|Any CPU.ActiveCfg = Release|Any CPU
		{B50C94D4-E6C1-447A-B3BC-1EBA2A03AB03}.Release|Any CPU.Build.0 = Release|Any CPU
	EndGlobalSection
	GlobalSection(SolutionProperties) = preSolution
		HideSolutionNode = FALSE
	EndGlobalSection
	GlobalSection(ExtensibilityGlobals) = postSolution
		SolutionGuid = {F32EA071-7DF8-4622-9AF5-7689D1096966}
	EndGlobalSection
EndGlobal
